
Microsoft Visual Studio Solution File, Format Version 12.00
# Visual Studio Version 17
VisualStudioVersion = 17.7.34009.444
MinimumVisualStudioVersion = 10.0.40219.1
Project("{FAE04EC0-301F-11D3-BF4B-00C04F79EFBC}") = "RestfullAPINET", "RestfullAPINET.csproj", "{B36534DD-C10E-4822-AE3F-6A6AEDEC9DC5}"
EndProject
Global
	GlobalSection(SolutionConfigurationPlatforms) = preSolution
		Debug|Any CPU = Debug|Any CPU
		Release|Any CPU = Release|Any CPU
	EndGlobalSection
	GlobalSection(ProjectConfigurationPlatforms) = postSolution
		{B36534DD-C10E-4822-AE3F-6A6AEDEC9DC5}.Debug|Any CPU.ActiveCfg = Debug|Any CPU
		{B36534DD-C10E-4822-AE3F-6A6AEDEC9DC5}.Debug|Any CPU.Build.0 = Debug|Any CPU
		{B36534DD-C10E-4822-AE3F-6A6AEDEC9DC5}.Release|Any CPU.ActiveCfg = Release|Any CPU
		{B36534DD-C10E-4822-AE3F-6A6AEDEC9DC5}.Release|Any CPU.Build.0 = Release|Any CPU
	EndGlobalSection
	GlobalSection(SolutionProperties) = preSolution
		HideSolutionNode = FALSE
	EndGlobalSection
	GlobalSection(ExtensibilityGlobals) = postSolution
		SolutionGuid = {F17437E0-B28C-4321-A395-72FAFC03D434}
	EndGlobalSection
EndGlobal
